
Microsoft Visual Studio Solution File, Format Version 11.00
# Visual Studio 2010
Project("{E24C65DC-7377-472B-9ABA-BC803B73C61A}") = "ImageSync", ".", "{8A041E72-690A-4934-80DE-B503CC4A8475}"
	ProjectSection(WebsiteProperties) = preProject
		TargetFrameworkMoniker = ".NETFramework,Version%3Dv4.0"
		Debug.AspNetCompiler.VirtualPath = "/ImageSync"
		Debug.AspNetCompiler.PhysicalPath = "..\..\..\..\Desktop\ImageSync\"
		Debug.AspNetCompiler.TargetPath = "PrecompiledWeb\ImageSync\"
		Debug.AspNetCompiler.Updateable = "true"
		Debug.AspNetCompiler.ForceOverwrite = "true"
		Debug.AspNetCompiler.FixedNames = "false"
		Debug.AspNetCompiler.Debug = "True"
		Release.AspNetCompiler.VirtualPath = "/ImageSync"
		Release.AspNetCompiler.PhysicalPath = "..\..\..\..\Desktop\ImageSync\"
		Release.AspNetCompiler.TargetPath = "PrecompiledWeb\ImageSync\"
		Release.AspNetCompiler.Updateable = "true"
		Release.AspNetCompiler.ForceOverwrite = "true"
		Release.AspNetCompiler.FixedNames = "false"
		Release.AspNetCompiler.Debug = "False"
		VWDPort = "1618"
	EndProjectSection
EndProject
Global
	GlobalSection(SolutionConfigurationPlatforms) = preSolution
		Debug|Any CPU = Debug|Any CPU
	EndGlobalSection
	GlobalSection(ProjectConfigurationPlatforms) = postSolution
		{8A041E72-690A-4934-80DE-B503CC4A8475}.Debug|Any CPU.ActiveCfg = Debug|Any CPU
		{8A041E72-690A-4934-80DE-B503CC4A8475}.Debug|Any CPU.Build.0 = Debug|Any CPU
	EndGlobalSection
	GlobalSection(SolutionProperties) = preSolution
		HideSolutionNode = FALSE
	EndGlobalSection
EndGlobal
